{
  "name": "process-animator",
  "version": "0.1.0",
  "lockfileVersion": 3,
  "requires": true,
  "packages": {
    "": {
      "name": "process-animator",
      "version": "0.1.0",
      "dependencies": {
        "oxigraph": "^0.5.6"
      }
    },
    "node_modules/oxigraph": {
      "version": "0.5.6",
      "resolved": "https://registry.npmjs.org/oxigraph/-/oxigraph-0.5.6.tgz",
      "integrity": "sha512-tACXVQY7lpQ5Nx9vrIpl9sdFMXPOhx9bS3ET5OU+t18IqKsapsk6JtL4LMKZMoU0D0Vn0VA6STGqt8Elmy5Pjw==",
      "license": "MIT OR Apache-2.0"
    }
  }
}
